
Microsoft Visual Studio Solution File, Format Version 12.00
# Visual Studio 15
VisualStudioVersion = 15.0.26730.15
MinimumVisualStudioVersion = 10.0.40219.1
Project("{FAE04EC0-301F-11D3-BF4B-00C04F79EFBC}") = "turtle", "turtle.csproj", "{758B7606-05F1-B8D8-9B03-0597DBF2ED25}"
EndProject
Project("{FAE04EC0-301F-11D3-BF4B-00C04F79EFBC}") = "turtle.Editor", "turtle.Editor.csproj", "{50062769-41E7-728D-331E-F9D26598ADA3}"
EndProject
Global
	GlobalSection(SolutionConfigurationPlatforms) = preSolution
		Debug|Any CPU = Debug|Any CPU
		Release|Any CPU = Release|Any CPU
	EndGlobalSection
	GlobalSection(ProjectConfigurationPlatforms) = postSolution
		{758B7606-05F1-B8D8-9B03-0597DBF2ED25}.Debug|Any CPU.ActiveCfg = Debug|Any CPU
		{758B7606-05F1-B8D8-9B03-0597DBF2ED25}.Debug|Any CPU.Build.0 = Debug|Any CPU
		{758B7606-05F1-B8D8-9B03-0597DBF2ED25}.Release|Any CPU.ActiveCfg = Release|Any CPU
		{758B7606-05F1-B8D8-9B03-0597DBF2ED25}.Release|Any CPU.Build.0 = Release|Any CPU
		{50062769-41E7-728D-331E-F9D26598ADA3}.Debug|Any CPU.ActiveCfg = Debug|Any CPU
		{50062769-41E7-728D-331E-F9D26598ADA3}.Debug|Any CPU.Build.0 = Debug|Any CPU
		{50062769-41E7-728D-331E-F9D26598ADA3}.Release|Any CPU.ActiveCfg = Release|Any CPU
		{50062769-41E7-728D-331E-F9D26598ADA3}.Release|Any CPU.Build.0 = Release|Any CPU
	EndGlobalSection
	GlobalSection(SolutionProperties) = preSolution
		HideSolutionNode = FALSE
	EndGlobalSection
	GlobalSection(ExtensibilityGlobals) = postSolution
		SolutionGuid = {C6A64E48-569C-4119-B955-E5C217347B2C}
	EndGlobalSection
EndGlobal
