
Microsoft Visual Studio Solution File, Format Version 12.00
# Visual Studio 15
VisualStudioVersion = 15.0.26730.15
MinimumVisualStudioVersion = 10.0.40219.1
Project("{FAE04EC0-301F-11D3-BF4B-00C04F79EFBC}") = "turtle_new", "turtle_new.csproj", "{6136C399-85CE-93F6-0975-E4B9E554E929}"
EndProject
Project("{FAE04EC0-301F-11D3-BF4B-00C04F79EFBC}") = "turtle_new.Editor", "turtle_new.Editor.csproj", "{A45BE67B-C7F3-22BF-CA18-4B63382C7C38}"
EndProject
Global
	GlobalSection(SolutionConfigurationPlatforms) = preSolution
		Debug|Any CPU = Debug|Any CPU
		Release|Any CPU = Release|Any CPU
	EndGlobalSection
	GlobalSection(ProjectConfigurationPlatforms) = postSolution
		{6136C399-85CE-93F6-0975-E4B9E554E929}.Debug|Any CPU.ActiveCfg = Debug|Any CPU
		{6136C399-85CE-93F6-0975-E4B9E554E929}.Debug|Any CPU.Build.0 = Debug|Any CPU
		{6136C399-85CE-93F6-0975-E4B9E554E929}.Release|Any CPU.ActiveCfg = Release|Any CPU
		{6136C399-85CE-93F6-0975-E4B9E554E929}.Release|Any CPU.Build.0 = Release|Any CPU
		{A45BE67B-C7F3-22BF-CA18-4B63382C7C38}.Debug|Any CPU.ActiveCfg = Debug|Any CPU
		{A45BE67B-C7F3-22BF-CA18-4B63382C7C38}.Debug|Any CPU.Build.0 = Debug|Any CPU
		{A45BE67B-C7F3-22BF-CA18-4B63382C7C38}.Release|Any CPU.ActiveCfg = Release|Any CPU
		{A45BE67B-C7F3-22BF-CA18-4B63382C7C38}.Release|Any CPU.Build.0 = Release|Any CPU
	EndGlobalSection
	GlobalSection(SolutionProperties) = preSolution
		HideSolutionNode = FALSE
	EndGlobalSection
	GlobalSection(ExtensibilityGlobals) = postSolution
		SolutionGuid = {1A1C0725-77FA-4B50-95FF-BCB5E67FBE59}
	EndGlobalSection
EndGlobal
